
Microsoft Visual Studio Solution File, Format Version 12.00
# Visual Studio Version 17
VisualStudioVersion = 17.0.31903.59
MinimumVisualStudioVersion = 10.0.40219.1
Project("{F2A71F9B-5D33-465A-A702-920D77279786}") = "Sopa.Core", "Sopa.Core\Sopa.Core.fsproj", "{6E812F7A-CD52-4512-841B-71AE20230265}"
EndProject
Project("{F2A71F9B-5D33-465A-A702-920D77279786}") = "Sopa.Cli", "Sopa.Cli\Sopa.Cli.fsproj", "{56905485-2E72-4804-A098-05F2ACF0F2B2}"
EndProject
Global
	GlobalSection(SolutionConfigurationPlatforms) = preSolution
		Debug|Any CPU = Debug|Any CPU
		Debug|x64 = Debug|x64
		Debug|x86 = Debug|x86
		Release|Any CPU = Release|Any CPU
		Release|x64 = Release|x64
		Release|x86 = Release|x86
	EndGlobalSection
	GlobalSection(ProjectConfigurationPlatforms) = postSolution
		{6E812F7A-CD52-4512-841B-71AE20230265}.Debug|Any CPU.ActiveCfg = Debug|Any CPU
		{6E812F7A-CD52-4512-841B-71AE20230265}.Debug|Any CPU.Build.0 = Debug|Any CPU
		{6E812F7A-CD52-4512-841B-71AE20230265}.Debug|x64.ActiveCfg = Debug|Any CPU
		{6E812F7A-CD52-4512-841B-71AE20230265}.Debug|x64.Build.0 = Debug|Any CPU
		{6E812F7A-CD52-4512-841B-71AE20230265}.Debug|x86.ActiveCfg = Debug|Any CPU
		{6E812F7A-CD52-4512-841B-71AE20230265}.Debug|x86.Build.0 = Debug|Any CPU
		{6E812F7A-CD52-4512-841B-71AE20230265}.Release|Any CPU.ActiveCfg = Release|Any CPU
		{6E812F7A-CD52-4512-841B-71AE20230265}.Release|Any CPU.Build.0 = Release|Any CPU
		{6E812F7A-CD52-4512-841B-71AE20230265}.Release|x64.ActiveCfg = Release|Any CPU
		{6E812F7A-CD52-4512-841B-71AE20230265}.Release|x64.Build.0 = Release|Any CPU
		{6E812F7A-CD52-4512-841B-71AE20230265}.Release|x86.ActiveCfg = Release|Any CPU
		{6E812F7A-CD52-4512-841B-71AE20230265}.Release|x86.Build.0 = Release|Any CPU
		{56905485-2E72-4804-A098-05F2ACF0F2B2}.Debug|Any CPU.ActiveCfg = Debug|Any CPU
		{56905485-2E72-4804-A098-05F2ACF0F2B2}.Debug|Any CPU.Build.0 = Debug|Any CPU
		{56905485-2E72-4804-A098-05F2ACF0F2B2}.Debug|x64.ActiveCfg = Debug|Any CPU
		{56905485-2E72-4804-A098-05F2ACF0F2B2}.Debug|x64.Build.0 = Debug|Any CPU
		{56905485-2E72-4804-A098-05F2ACF0F2B2}.Debug|x86.ActiveCfg = Debug|Any CPU
		{56905485-2E72-4804-A098-05F2ACF0F2B2}.Debug|x86.Build.0 = Debug|Any CPU
		{56905485-2E72-4804-A098-05F2ACF0F2B2}.Release|Any CPU.ActiveCfg = Release|Any CPU
		{56905485-2E72-4804-A098-05F2ACF0F2B2}.Release|Any CPU.Build.0 = Release|Any CPU
		{56905485-2E72-4804-A098-05F2ACF0F2B2}.Release|x64.ActiveCfg = Release|Any CPU
		{56905485-2E72-4804-A098-05F2ACF0F2B2}.Release|x64.Build.0 = Release|Any CPU
		{56905485-2E72-4804-A098-05F2ACF0F2B2}.Release|x86.ActiveCfg = Release|Any CPU
		{56905485-2E72-4804-A098-05F2ACF0F2B2}.Release|x86.Build.0 = Release|Any CPU
	EndGlobalSection
	GlobalSection(SolutionProperties) = preSolution
		HideSolutionNode = FALSE
	EndGlobalSection
EndGlobal
